
Microsoft Visual Studio Solution File, Format Version 12.00
# Visual Studio Version 17
VisualStudioVersion = 17.2.32519.379
MinimumVisualStudioVersion = 10.0.40219.1
Project("{FAE04EC0-301F-11D3-BF4B-00C04F79EFBC}") = "pryVentasHerreraAugusto", "pryVentasHerreraAugusto\pryVentasHerreraAugusto.csproj", "{B76CF6D6-6A3F-44BA-81BA-5D60EBC7F8D0}"
EndProject
Global
	GlobalSection(SolutionConfigurationPlatforms) = preSolution
		Debug|Any CPU = Debug|Any CPU
		Release|Any CPU = Release|Any CPU
	EndGlobalSection
	GlobalSection(ProjectConfigurationPlatforms) = postSolution
		{B76CF6D6-6A3F-44BA-81BA-5D60EBC7F8D0}.Debug|Any CPU.ActiveCfg = Debug|Any CPU
		{B76CF6D6-6A3F-44BA-81BA-5D60EBC7F8D0}.Debug|Any CPU.Build.0 = Debug|Any CPU
		{B76CF6D6-6A3F-44BA-81BA-5D60EBC7F8D0}.Release|Any CPU.ActiveCfg = Release|Any CPU
		{B76CF6D6-6A3F-44BA-81BA-5D60EBC7F8D0}.Release|Any CPU.Build.0 = Release|Any CPU
	EndGlobalSection
	GlobalSection(SolutionProperties) = preSolution
		HideSolutionNode = FALSE
	EndGlobalSection
	GlobalSection(ExtensibilityGlobals) = postSolution
		SolutionGuid = {6E59AA9C-E26C-4258-9094-0B030B596843}
	EndGlobalSection
EndGlobal
